
Microsoft Visual Studio Solution File, Format Version 12.00
Project("{FAE04EC0-301F-11D3-BF4B-00C04F79EFBC}") = "EventConsumer.Kafka", "src\EventConsumer.Kafka\EventConsumer.Kafka.csproj", "{EE03DE2B-51BB-4CCE-8CEC-FAA7073E21CA}"
EndProject
Project("{FAE04EC0-301F-11D3-BF4B-00C04F79EFBC}") = "EventConsumer.Kafka.Tests", "src\EventConsumer.Kafka.Tests\EventConsumer.Kafka.Tests.csproj", "{9EDDC1F3-1E8C-4DD7-8F8D-356E2E2CA362}"
EndProject
Global
	GlobalSection(SolutionConfigurationPlatforms) = preSolution
		Debug|Any CPU = Debug|Any CPU
		Release|Any CPU = Release|Any CPU
	EndGlobalSection
	GlobalSection(ProjectConfigurationPlatforms) = postSolution
		{EE03DE2B-51BB-4CCE-8CEC-FAA7073E21CA}.Debug|Any CPU.ActiveCfg = Debug|Any CPU
		{EE03DE2B-51BB-4CCE-8CEC-FAA7073E21CA}.Debug|Any CPU.Build.0 = Debug|Any CPU
		{EE03DE2B-51BB-4CCE-8CEC-FAA7073E21CA}.Release|Any CPU.ActiveCfg = Release|Any CPU
		{EE03DE2B-51BB-4CCE-8CEC-FAA7073E21CA}.Release|Any CPU.Build.0 = Release|Any CPU
		{9EDDC1F3-1E8C-4DD7-8F8D-356E2E2CA362}.Debug|Any CPU.ActiveCfg = Debug|Any CPU
		{9EDDC1F3-1E8C-4DD7-8F8D-356E2E2CA362}.Debug|Any CPU.Build.0 = Debug|Any CPU
		{9EDDC1F3-1E8C-4DD7-8F8D-356E2E2CA362}.Release|Any CPU.ActiveCfg = Release|Any CPU
		{9EDDC1F3-1E8C-4DD7-8F8D-356E2E2CA362}.Release|Any CPU.Build.0 = Release|Any CPU
	EndGlobalSection
EndGlobal
